
Microsoft Visual Studio Solution File, Format Version 12.00
# Visual Studio Version 16
VisualStudioVersion = 16.0.29709.97
MinimumVisualStudioVersion = 10.0.40219.1
Project("{9A19103F-16F7-4668-BE54-9A1E7A4F7556}") = "Shared.Swagger.AspNetCore", "Shared.Swagger.AspNetCore\Shared.Swagger.AspNetCore.csproj", "{DD85EFD4-F7DE-4872-BA31-55DF9601D5C0}"
EndProject
Global
	GlobalSection(SolutionConfigurationPlatforms) = preSolution
		Debug|Any CPU = Debug|Any CPU
		Release|Any CPU = Release|Any CPU
	EndGlobalSection
	GlobalSection(ProjectConfigurationPlatforms) = postSolution
		{DD85EFD4-F7DE-4872-BA31-55DF9601D5C0}.Debug|Any CPU.ActiveCfg = Debug|Any CPU
		{DD85EFD4-F7DE-4872-BA31-55DF9601D5C0}.Debug|Any CPU.Build.0 = Debug|Any CPU
		{DD85EFD4-F7DE-4872-BA31-55DF9601D5C0}.Release|Any CPU.ActiveCfg = Release|Any CPU
		{DD85EFD4-F7DE-4872-BA31-55DF9601D5C0}.Release|Any CPU.Build.0 = Release|Any CPU
	EndGlobalSection
	GlobalSection(SolutionProperties) = preSolution
		HideSolutionNode = FALSE
	EndGlobalSection
	GlobalSection(ExtensibilityGlobals) = postSolution
		SolutionGuid = {05881235-D215-4BB5-8289-FC31F6E182BA}
	EndGlobalSection
EndGlobal
